// !$*UTF8*$!
{
	archiveVersion = 1;
	classes = {
	};
	objectVersion = 50;
	objects = {

/* Begin PBXBuildFile section */
		04F602D98F80548780250178 /* Pods_Demo.framework in Frameworks */ = {isa = PBXBuildFile; fileRef = 6D616FB03FADE9B5AE9EC0F7 /* Pods_Demo.framework */; };
		08E16D0C0E43724904D5FC88 /* Pods_DemoTests.framework in Frameworks */ = {isa = PBXBuildFile; fileRef = 7432F55A869CA0A8AB6367CF /* Pods_DemoTests.framework */; };
		A5228F25222E6B8B00CFA298 /* AppDelegate.swift in Sources */ = {isa = PBXBuildFile; fileRef = A5228F24222E6B8B00CFA298 /* AppDelegate.swift */; };
		A5228F2A222E6B8C00CFA298 /* Main.storyboard in Resources */ = {isa = PBXBuildFile; fileRef = A5228F28222E6B8C00CFA298 /* Main.storyboard */; };
		A5228F2C222E6B8F00CFA298 /* Assets.xcassets in Resources */ = {isa = PBXBuildFile; fileRef = A5228F2B222E6B8F00CFA298 /* Assets.xcassets */; };
		A5228F2F222E6B8F00CFA298 /* LaunchScreen.storyboard in Resources */ = {isa = PBXBuildFile; fileRef = A5228F2D222E6B8F00CFA298 /* LaunchScreen.storyboard */; };
		A5228F3A222E6B8F00CFA298 /* DemoTests.swift in Sources */ = {isa = PBXBuildFile; fileRef = A5228F39222E6B8F00CFA298 /* DemoTests.swift */; };
		A5228F45222E6B8F00CFA298 /* DemoUITests.swift in Sources */ = {isa = PBXBuildFile; fileRef = A5228F44222E6B8F00CFA298 /* DemoUITests.swift */; };
		A5B87FED225B29900052E6C8 /* SocketViewController.swift in Sources */ = {isa = PBXBuildFile; fileRef = A5B87FEC225B29900052E6C8 /* SocketViewController.swift */; };
		D2E55F691DD8A7F289548B7A /* Pods_DemoUITests.framework in Frameworks */ = {isa = PBXBuildFile; fileRef = 22D4E24C470B0D4C5119E690 /* Pods_DemoUITests.framework */; };
/* End PBXBuildFile section */

/* Begin PBXContainerItemProxy section */
		A5228F36222E6B8F00CFA298 /* PBXContainerItemProxy */ = {
			isa = PBXContainerItemProxy;
			containerPortal = A5228F19222E6B8B00CFA298 /* Project object */;
			proxyType = 1;
			remoteGlobalIDString = A5228F20222E6B8B00CFA298;
			remoteInfo = Demo;
		};
		A5228F41222E6B8F00CFA298 /* PBXContainerItemProxy */ = {
			isa = PBXContainerItemProxy;
			containerPortal = A5228F19222E6B8B00CFA298 /* Project object */;
			proxyType = 1;
			remoteGlobalIDString = A5228F20222E6B8B00CFA298;
			remoteInfo = Demo;
		};
/* End PBXContainerItemProxy section */

/* Begin PBXFileReference section */
		0F1C6208CC58C99D696DF48C /* Pods-DemoUITests.debug.xcconfig */ = {isa = PBXFileReference; includeInIndex = 1; lastKnownFileType = text.xcconfig; name = "Pods-DemoUITests.debug.xcconfig"; path = "Target Support Files/Pods-DemoUITests/Pods-DemoUITests.debug.xcconfig"; sourceTree = "<group>"; };
		22D4E24C470B0D4C5119E690 /* Pods_DemoUITests.framework */ = {isa = PBXFileReference; explicitFileType = wrapper.framework; includeInIndex = 0; path = Pods_DemoUITests.framework; sourceTree = BUILT_PRODUCTS_DIR; };
		2C59F811811CCCC875C45AF1 /* Pods-DemoTests.release.xcconfig */ = {isa = PBXFileReference; includeInIndex = 1; lastKnownFileType = text.xcconfig; name = "Pods-DemoTests.release.xcconfig"; path = "Target Support Files/Pods-DemoTests/Pods-DemoTests.release.xcconfig"; sourceTree = "<group>"; };
		3AB9D23338FE6F2CE27B90B5 /* Pods-DemoUITests.release.xcconfig */ = {isa = PBXFileReference; includeInIndex = 1; lastKnownFileType = text.xcconfig; name = "Pods-DemoUITests.release.xcconfig"; path = "Target Support Files/Pods-DemoUITests/Pods-DemoUITests.release.xcconfig"; sourceTree = "<group>"; };
		6D616FB03FADE9B5AE9EC0F7 /* Pods_Demo.framework */ = {isa = PBXFileReference; explicitFileType = wrapper.framework; includeInIndex = 0; path = Pods_Demo.framework; sourceTree = BUILT_PRODUCTS_DIR; };
		7432F55A869CA0A8AB6367CF /* Pods_DemoTests.framework */ = {isa = PBXFileReference; explicitFileType = wrapper.framework; includeInIndex = 0; path = Pods_DemoTests.framework; sourceTree = BUILT_PRODUCTS_DIR; };
		A5228F21222E6B8B00CFA298 /* Demo.app */ = {isa = PBXFileReference; explicitFileType = wrapper.application; includeInIndex = 0; path = Demo.app; sourceTree = BUILT_PRODUCTS_DIR; };
		A5228F24222E6B8B00CFA298 /* AppDelegate.swift */ = {isa = PBXFileReference; lastKnownFileType = sourcecode.swift; path = AppDelegate.swift; sourceTree = "<group>"; };
		A5228F29222E6B8C00CFA298 /* Base */ = {isa = PBXFileReference; lastKnownFileType = file.storyboard; name = Base; path = Base.lproj/Main.storyboard; sourceTree = "<group>"; };
		A5228F2B222E6B8F00CFA298 /* Assets.xcassets */ = {isa = PBXFileReference; lastKnownFileType = folder.assetcatalog; path = Assets.xcassets; sourceTree = "<group>"; };
		A5228F2E222E6B8F00CFA298 /* Base */ = {isa = PBXFileReference; lastKnownFileType = file.storyboard; name = Base; path = Base.lproj/LaunchScreen.storyboard; sourceTree = "<group>"; };
		A5228F30222E6B8F00CFA298 /* Info.plist */ = {isa = PBXFileReference; lastKnownFileType = text.plist.xml; path = Info.plist; sourceTree = "<group>"; };
		A5228F35222E6B8F00CFA298 /* DemoTests.xctest */ = {isa = PBXFileReference; explicitFileType = wrapper.cfbundle; includeInIndex = 0; path = DemoTests.xctest; sourceTree = BUILT_PRODUCTS_DIR; };
		A5228F39222E6B8F00CFA298 /* DemoTests.swift */ = {isa = PBXFileReference; lastKnownFileType = sourcecode.swift; path = DemoTests.swift; sourceTree = "<group>"; };
		A5228F3B222E6B8F00CFA298 /* Info.plist */ = {isa = PBXFileReference; lastKnownFileType = text.plist.xml; path = Info.plist; sourceTree = "<group>"; };
		A5228F40222E6B8F00CFA298 /* DemoUITests.xctest */ = {isa = PBXFileReference; explicitFileType = wrapper.cfbundle; includeInIndex = 0; path = DemoUITests.xctest; sourceTree = BUILT_PRODUCTS_DIR; };
		A5228F44222E6B8F00CFA298 /* DemoUITests.swift */ = {isa = PBXFileReference; lastKnownFileType = sourcecode.swift; path = DemoUITests.swift; sourceTree = "<group>"; };
		A5228F46222E6B8F00CFA298 /* Info.plist */ = {isa = PBXFileReference; lastKnownFileType = text.plist.xml; path = Info.plist; sourceTree = "<group>"; };
		A5B87FEC225B29900052E6C8 /* SocketViewController.swift */ = {isa = PBXFileReference; lastKnownFileType = sourcecode.swift; path = SocketViewController.swift; sourceTree = "<group>"; };
		AD349A1D71DA2D908757BD9B /* Pods-DemoTests.debug.xcconfig */ = {isa = PBXFileReference; includeInIndex = 1; lastKnownFileType = text.xcconfig; name = "Pods-DemoTests.debug.xcconfig"; path = "Target Support Files/Pods-DemoTests/Pods-DemoTests.debug.xcconfig"; sourceTree = "<group>"; };
		B07197C1EDC05CF103E6ED96 /* Pods-Demo.debug.xcconfig */ = {isa = PBXFileReference; includeInIndex = 1; lastKnownFileType = text.xcconfig; name = "Pods-Demo.debug.xcconfig"; path = "Target Support Files/Pods-Demo/Pods-Demo.debug.xcconfig"; sourceTree = "<group>"; };
		EA7C36F993A8C5E1760BDCD5 /* Pods-Demo.release.xcconfig */ = {isa = PBXFileReference; includeInIndex = 1; lastKnownFileType = text.xcconfig; name = "Pods-Demo.release.xcconfig"; path = "Target Support Files/Pods-Demo/Pods-Demo.release.xcconfig"; sourceTree = "<group>"; };
/* End PBXFileReference section */

/* Begin PBXFrameworksBuildPhase section */
		A5228F1E222E6B8B00CFA298 /* Frameworks */ = {
			isa = PBXFrameworksBuildPhase;
			buildActionMask = 2147483647;
			files = (
				04F602D98F80548780250178 /* Pods_Demo.framework in Frameworks */,
			);
			runOnlyForDeploymentPostprocessing = 0;
		};
		A5228F32222E6B8F00CFA298 /* Frameworks */ = {
			isa = PBXFrameworksBuildPhase;
			buildActionMask = 2147483647;
			files = (
				08E16D0C0E43724904D5FC88 /* Pods_DemoTests.framework in Frameworks */,
			);
			runOnlyForDeploymentPostprocessing = 0;
		};
		A5228F3D222E6B8F00CFA298 /* Frameworks */ = {
			isa = PBXFrameworksBuildPhase;
			buildActionMask = 2147483647;
			files = (
				D2E55F691DD8A7F289548B7A /* Pods_DemoUITests.framework in Frameworks */,
			);
			runOnlyForDeploymentPostprocessing = 0;
		};
/* End PBXFrameworksBuildPhase section */

/* Begin PBXGroup section */
		5115D2B4405AD09859CDFC36 /* Pods */ = {
			isa = PBXGroup;
			children = (
				B07197C1EDC05CF103E6ED96 /* Pods-Demo.debug.xcconfig */,
				EA7C36F993A8C5E1760BDCD5 /* Pods-Demo.release.xcconfig */,
				AD349A1D71DA2D908757BD9B /* Pods-DemoTests.debug.xcconfig */,
				2C59F811811CCCC875C45AF1 /* Pods-DemoTests.release.xcconfig */,
				0F1C6208CC58C99D696DF48C /* Pods-DemoUITests.debug.xcconfig */,
				3AB9D23338FE6F2CE27B90B5 /* Pods-DemoUITests.release.xcconfig */,
			);
			path = Pods;
			sourceTree = "<group>";
		};
		A5228F18222E6B8B00CFA298 = {
			isa = PBXGroup;
			children = (
				A5228F23222E6B8B00CFA298 /* Demo */,
				A5228F38222E6B8F00CFA298 /* DemoTests */,
				A5228F43222E6B8F00CFA298 /* DemoUITests */,
				A5228F22222E6B8B00CFA298 /* Products */,
				5115D2B4405AD09859CDFC36 /* Pods */,
				EF2B43D0FB4FDA692BE8A693 /* Frameworks */,
			);
			sourceTree = "<group>";
		};
		A5228F22222E6B8B00CFA298 /* Products */ = {
			isa = PBXGroup;
			children = (
				A5228F21222E6B8B00CFA298 /* Demo.app */,
				A5228F35222E6B8F00CFA298 /* DemoTests.xctest */,
				A5228F40222E6B8F00CFA298 /* DemoUITests.xctest */,
			);
			name = Products;
			sourceTree = "<group>";
		};
		A5228F23222E6B8B00CFA298 /* Demo */ = {
			isa = PBXGroup;
			children = (
				A5228F24222E6B8B00CFA298 /* AppDelegate.swift */,
				A5228F28222E6B8C00CFA298 /* Main.storyboard */,
				A5228F2B222E6B8F00CFA298 /* Assets.xcassets */,
				A5228F2D222E6B8F00CFA298 /* LaunchScreen.storyboard */,
				A5228F30222E6B8F00CFA298 /* Info.plist */,
				A5B87FEC225B29900052E6C8 /* SocketViewController.swift */,
			);
			path = Demo;
			sourceTree = "<group>";
		};
		A5228F38222E6B8F00CFA298 /* DemoTests */ = {
			isa = PBXGroup;
			children = (
				A5228F39222E6B8F00CFA298 /* DemoTests.swift */,
				A5228F3B222E6B8F00CFA298 /* Info.plist */,
			);
			path = DemoTests;
			sourceTree = "<group>";
		};
		A5228F43222E6B8F00CFA298 /* DemoUITests */ = {
			isa = PBXGroup;
			children = (
				A5228F44222E6B8F00CFA298 /* DemoUITests.swift */,
				A5228F46222E6B8F00CFA298 /* Info.plist */,
			);
			path = DemoUITests;
			sourceTree = "<group>";
		};
		EF2B43D0FB4FDA692BE8A693 /* Frameworks */ = {
			isa = PBXGroup;
			children = (
				6D616FB03FADE9B5AE9EC0F7 /* Pods_Demo.framework */,
				7432F55A869CA0A8AB6367CF /* Pods_DemoTests.framework */,
				22D4E24C470B0D4C5119E690 /* Pods_DemoUITests.framework */,
			);
			name = Frameworks;
			sourceTree = "<group>";
		};
/* End PBXGroup section */

/* Begin PBXNativeTarget section */
		A5228F20222E6B8B00CFA298 /* Demo */ = {
			isa = PBXNativeTarget;
			buildConfigurationList = A5228F49222E6B8F00CFA298 /* Build configuration list for PBXNativeTarget "Demo" */;
			buildPhases = (
				CC44EFF4E7B9A3E67D955377 /* [CP] Check Pods Manifest.lock */,
				A5228F1D222E6B8B00CFA298 /* Sources */,
				A5228F1E222E6B8B00CFA298 /* Frameworks */,
				A5228F1F222E6B8B00CFA298 /* Resources */,
				1D5284BD7BDB4253996D1257 /* [CP] Embed Pods Frameworks */,
			);
			buildRules = (
			);
			dependencies = (
			);
			name = Demo;
			productName = Demo;
			productReference = A5228F21222E6B8B00CFA298 /* Demo.app */;
			productType = "com.apple.product-type.application";
		};
		A5228F34222E6B8F00CFA298 /* DemoTests */ = {
			isa = PBXNativeTarget;
			buildConfigurationList = A5228F4C222E6B8F00CFA298 /* Build configuration list for PBXNativeTarget "DemoTests" */;
			buildPhases = (
				F5944A0EFF5F8EAE24AA9ABD /* [CP] Check Pods Manifest.lock */,
				A5228F31222E6B8F00CFA298 /* Sources */,
				A5228F32222E6B8F00CFA298 /* Frameworks */,
				A5228F33222E6B8F00CFA298 /* Resources */,
			);
			buildRules = (
			);
			dependencies = (
				A5228F37222E6B8F00CFA298 /* PBXTargetDependency */,
			);
			name = DemoTests;
			productName = DemoTests;
			productReference = A5228F35222E6B8F00CFA298 /* DemoTests.xctest */;
			productType = "com.apple.product-type.bundle.unit-test";
		};
		A5228F3F222E6B8F00CFA298 /* DemoUITests */ = {
			isa = PBXNativeTarget;
			buildConfigurationList = A5228F4F222E6B8F00CFA298 /* Build configuration list for PBXNativeTarget "DemoUITests" */;
			buildPhases = (
				AD4E2FFDE70C15EA33E20B45 /* [CP] Check Pods Manifest.lock */,
				A5228F3C222E6B8F00CFA298 /* Sources */,
				A5228F3D222E6B8F00CFA298 /* Frameworks */,
				A5228F3E222E6B8F00CFA298 /* Resources */,
			);
			buildRules = (
			);
			dependencies = (
				A5228F42222E6B8F00CFA298 /* PBXTargetDependency */,
			);
			name = DemoUITests;
			productName = DemoUITests;
			productReference = A5228F40222E6B8F00CFA298 /* DemoUITests.xctest */;
			productType = "com.apple.product-type.bundle.ui-testing";
		};
/* End PBXNativeTarget section */

/* Begin PBXProject section */
		A5228F19222E6B8B00CFA298 /* Project object */ = {
			isa = PBXProject;
			attributes = {
				LastSwiftUpdateCheck = 1010;
				LastUpgradeCheck = 1010;
				ORGANIZATIONNAME = phan.van.da;
				TargetAttributes = {
					A5228F20222E6B8B00CFA298 = {
						CreatedOnToolsVersion = 10.1;
						SystemCapabilities = {
							com.apple.BackgroundModes = {
								enabled = 1;
							};
						};
					};
					A5228F34222E6B8F00CFA298 = {
						CreatedOnToolsVersion = 10.1;
						TestTargetID = A5228F20222E6B8B00CFA298;
					};
					A5228F3F222E6B8F00CFA298 = {
						CreatedOnToolsVersion = 10.1;
						TestTargetID = A5228F20222E6B8B00CFA298;
					};
				};
			};
			buildConfigurationList = A5228F1C222E6B8B00CFA298 /* Build configuration list for PBXProject "Demo" */;
			compatibilityVersion = "Xcode 9.3";
			developmentRegion = en;
			hasScannedForEncodings = 0;
			knownRegions = (
				en,
				Base,
			);
			mainGroup = A5228F18222E6B8B00CFA298;
			productRefGroup = A5228F22222E6B8B00CFA298 /* Products */;
			projectDirPath = "";
			projectRoot = "";
			targets = (
				A5228F20222E6B8B00CFA298 /* Demo */,
				A5228F34222E6B8F00CFA298 /* DemoTests */,
				A5228F3F222E6B8F00CFA298 /* DemoUITests */,
			);
		};
/* End PBXProject section */

/* Begin PBXResourcesBuildPhase section */
		A5228F1F222E6B8B00CFA298 /* Resources */ = {
			isa = PBXResourcesBuildPhase;
			buildActionMask = 2147483647;
			files = (
				A5228F2F222E6B8F00CFA298 /* LaunchScreen.storyboard in Resources */,
				A5228F2C222E6B8F00CFA298 /* Assets.xcassets in Resources */,
				A5228F2A222E6B8C00CFA298 /* Main.storyboard in Resources */,
			);
			runOnlyForDeploymentPostprocessing = 0;
		};
		A5228F33222E6B8F00CFA298 /* Resources */ = {
			isa = PBXResourcesBuildPhase;
			buildActionMask = 2147483647;
			files = (
			);
			runOnlyForDeploymentPostprocessing = 0;
		};
		A5228F3E222E6B8F00CFA298 /* Resources */ = {
			isa = PBXResourcesBuildPhase;
			buildActionMask = 2147483647;
			files = (
			);
			runOnlyForDeploymentPostprocessing = 0;
		};
/* End PBXResourcesBuildPhase section */

/* Begin PBXShellScriptBuildPhase section */
		1D5284BD7BDB4253996D1257 /* [CP] Embed Pods Frameworks */ = {
			isa = PBXShellScriptBuildPhase;
			buildActionMask = 2147483647;
			files = (
			);
			inputFileListPaths = (
			);
			inputPaths = (
				"${PODS_ROOT}/Target Support Files/Pods-Demo/Pods-Demo-frameworks.sh",
				"${BUILT_PRODUCTS_DIR}/Charts/Charts.framework",
				"${BUILT_PRODUCTS_DIR}/Socket.IO-Client-Swift/SocketIO.framework",
				"${BUILT_PRODUCTS_DIR}/Starscream/Starscream.framework",
			);
			name = "[CP] Embed Pods Frameworks";
			outputFileListPaths = (
			);
			outputPaths = (
				"${TARGET_BUILD_DIR}/${FRAMEWORKS_FOLDER_PATH}/Charts.framework",
				"${TARGET_BUILD_DIR}/${FRAMEWORKS_FOLDER_PATH}/SocketIO.framework",
				"${TARGET_BUILD_DIR}/${FRAMEWORKS_FOLDER_PATH}/Starscream.framework",
			);
			runOnlyForDeploymentPostprocessing = 0;
			shellPath = /bin/sh;
			shellScript = "\"${PODS_ROOT}/Target Support Files/Pods-Demo/Pods-Demo-frameworks.sh\"\n";
			showEnvVarsInLog = 0;
		};
		AD4E2FFDE70C15EA33E20B45 /* [CP] Check Pods Manifest.lock */ = {
			isa = PBXShellScriptBuildPhase;
			buildActionMask = 2147483647;
			files = (
			);
			inputFileListPaths = (
			);
			inputPaths = (
				"${PODS_PODFILE_DIR_PATH}/Podfile.lock",
				"${PODS_ROOT}/Manifest.lock",
			);
			name = "[CP] Check Pods Manifest.lock";
			outputFileListPaths = (
			);
			outputPaths = (
				"$(DERIVED_FILE_DIR)/Pods-DemoUITests-checkManifestLockResult.txt",
			);
			runOnlyForDeploymentPostprocessing = 0;
			shellPath = /bin/sh;
			shellScript = "diff \"${PODS_PODFILE_DIR_PATH}/Podfile.lock\" \"${PODS_ROOT}/Manifest.lock\" > /dev/null\nif [ $? != 0 ] ; then\n    # print error to STDERR\n    echo \"error: The sandbox is not in sync with the Podfile.lock. Run 'pod install' or update your CocoaPods installation.\" >&2\n    exit 1\nfi\n# This output is used by Xcode 'outputs' to avoid re-running this script phase.\necho \"SUCCESS\" > \"${SCRIPT_OUTPUT_FILE_0}\"\n";
			showEnvVarsInLog = 0;
		};
		CC44EFF4E7B9A3E67D955377 /* [CP] Check Pods Manifest.lock */ = {
			isa = PBXShellScriptBuildPhase;
			buildActionMask = 2147483647;
			files = (
			);
			inputFileListPaths = (
			);
			inputPaths = (
				"${PODS_PODFILE_DIR_PATH}/Podfile.lock",
				"${PODS_ROOT}/Manifest.lock",
			);
			name = "[CP] Check Pods Manifest.lock";
			outputFileListPaths = (
			);
			outputPaths = (
				"$(DERIVED_FILE_DIR)/Pods-Demo-checkManifestLockResult.txt",
			);
			runOnlyForDeploymentPostprocessing = 0;
			shellPath = /bin/sh;
			shellScript = "diff \"${PODS_PODFILE_DIR_PATH}/Podfile.lock\" \"${PODS_ROOT}/Manifest.lock\" > /dev/null\nif [ $? != 0 ] ; then\n    # print error to STDERR\n    echo \"error: The sandbox is not in sync with the Podfile.lock. Run 'pod install' or update your CocoaPods installation.\" >&2\n    exit 1\nfi\n# This output is used by Xcode 'outputs' to avoid re-running this script phase.\necho \"SUCCESS\" > \"${SCRIPT_OUTPUT_FILE_0}\"\n";
			showEnvVarsInLog = 0;
		};
		F5944A0EFF5F8EAE24AA9ABD /* [CP] Check Pods Manifest.lock */ = {
			isa = PBXShellScriptBuildPhase;
			buildActionMask = 2147483647;
			files = (
			);
			inputFileListPaths = (
			);
			inputPaths = (
				"${PODS_PODFILE_DIR_PATH}/Podfile.lock",
				"${PODS_ROOT}/Manifest.lock",
			);
			name = "[CP] Check Pods Manifest.lock";
			outputFileListPaths = (
			);
			outputPaths = (
				"$(DERIVED_FILE_DIR)/Pods-DemoTests-checkManifestLockResult.txt",
			);
			runOnlyForDeploymentPostprocessing = 0;
			shellPath = /bin/sh;
			shellScript = "diff \"${PODS_PODFILE_DIR_PATH}/Podfile.lock\" \"${PODS_ROOT}/Manifest.lock\" > /dev/null\nif [ $? != 0 ] ; then\n    # print error to STDERR\n    echo \"error: The sandbox is not in sync with the Podfile.lock. Run 'pod install' or update your CocoaPods installation.\" >&2\n    exit 1\nfi\n# This output is used by Xcode 'outputs' to avoid re-running this script phase.\necho \"SUCCESS\" > \"${SCRIPT_OUTPUT_FILE_0}\"\n";
			showEnvVarsInLog = 0;
		};
/* End PBXShellScriptBuildPhase section */

/* Begin PBXSourcesBuildPhase section */
		A5228F1D222E6B8B00CFA298 /* Sources */ = {
			isa = PBXSourcesBuildPhase;
			buildActionMask = 2147483647;
			files = (
				A5B87FED225B29900052E6C8 /* SocketViewController.swift in Sources */,
				A5228F25222E6B8B00CFA298 /* AppDelegate.swift in Sources */,
			);
			runOnlyForDeploymentPostprocessing = 0;
		};
		A5228F31222E6B8F00CFA298 /* Sources */ = {
			isa = PBXSourcesBuildPhase;
			buildActionMask = 2147483647;
			files = (
				A5228F3A222E6B8F00CFA298 /* DemoTests.swift in Sources */,
			);
			runOnlyForDeploymentPostprocessing = 0;
		};
		A5228F3C222E6B8F00CFA298 /* Sources */ = {
			isa = PBXSourcesBuildPhase;
			buildActionMask = 2147483647;
			files = (
				A5228F45222E6B8F00CFA298 /* DemoUITests.swift in Sources */,
			);
			runOnlyForDeploymentPostprocessing = 0;
		};
/* End PBXSourcesBuildPhase section */

/* Begin PBXTargetDependency section */
		A5228F37222E6B8F00CFA298 /* PBXTargetDependency */ = {
			isa = PBXTargetDependency;
			target = A5228F20222E6B8B00CFA298 /* Demo */;
			targetProxy = A5228F36222E6B8F00CFA298 /* PBXContainerItemProxy */;
		};
		A5228F42222E6B8F00CFA298 /* PBXTargetDependency */ = {
			isa = PBXTargetDependency;
			target = A5228F20222E6B8B00CFA298 /* Demo */;
			targetProxy = A5228F41222E6B8F00CFA298 /* PBXContainerItemProxy */;
		};
/* End PBXTargetDependency section */

/* Begin PBXVariantGroup section */
		A5228F28222E6B8C00CFA298 /* Main.storyboard */ = {
			isa = PBXVariantGroup;
			children = (
				A5228F29222E6B8C00CFA298 /* Base */,
			);
			name = Main.storyboard;
			sourceTree = "<group>";
		};
		A5228F2D222E6B8F00CFA298 /* LaunchScreen.storyboard */ = {
			isa = PBXVariantGroup;
			children = (
				A5228F2E222E6B8F00CFA298 /* Base */,
			);
			name = LaunchScreen.storyboard;
			sourceTree = "<group>";
		};
/* End PBXVariantGroup section */

/* Begin XCBuildConfiguration section */
		A5228F47222E6B8F00CFA298 /* Debug */ = {
			isa = XCBuildConfiguration;
			buildSettings = {
				ALWAYS_SEARCH_USER_PATHS = NO;
				CLANG_ANALYZER_NONNULL = YES;
				CLANG_ANALYZER_NUMBER_OBJECT_CONVERSION = YES_AGGRESSIVE;
				CLANG_CXX_LANGUAGE_STANDARD = "gnu++14";
				CLANG_CXX_LIBRARY = "libc++";
				CLANG_ENABLE_MODULES = YES;
				CLANG_ENABLE_OBJC_ARC = YES;
				CLANG_ENABLE_OBJC_WEAK = YES;
				CLANG_WARN_BLOCK_CAPTURE_AUTORELEASING = YES;
				CLANG_WARN_BOOL_CONVERSION = YES;
				CLANG_WARN_COMMA = YES;
				CLANG_WARN_CONSTANT_CONVERSION = YES;
				CLANG_WARN_DEPRECATED_OBJC_IMPLEMENTATIONS = YES;
				CLANG_WARN_DIRECT_OBJC_ISA_USAGE = YES_ERROR;
				CLANG_WARN_DOCUMENTATION_COMMENTS = YES;
				CLANG_WARN_EMPTY_BODY = YES;
				CLANG_WARN_ENUM_CONVERSION = YES;
				CLANG_WARN_INFINITE_RECURSION = YES;
				CLANG_WARN_INT_CONVERSION = YES;
				CLANG_WARN_NON_LITERAL_NULL_CONVERSION = YES;
				CLANG_WARN_OBJC_IMPLICIT_RETAIN_SELF = YES;
				CLANG_WARN_OBJC_LITERAL_CONVERSION = YES;
				CLANG_WARN_OBJC_ROOT_CLASS = YES_ERROR;
				CLANG_WARN_RANGE_LOOP_ANALYSIS = YES;
				CLANG_WARN_STRICT_PROTOTYPES = YES;
				CLANG_WARN_SUSPICIOUS_MOVE = YES;
				CLANG_WARN_UNGUARDED_AVAILABILITY = YES_AGGRESSIVE;
				CLANG_WARN_UNREACHABLE_CODE = YES;
				CLANG_WARN__DUPLICATE_METHOD_MATCH = YES;
				CODE_SIGN_IDENTITY = "iPhone Developer";
				COPY_PHASE_STRIP = NO;
				DEBUG_INFORMATION_FORMAT = dwarf;
				ENABLE_STRICT_OBJC_MSGSEND = YES;
				ENABLE_TESTABILITY = YES;
				GCC_C_LANGUAGE_STANDARD = gnu11;
				GCC_DYNAMIC_NO_PIC = NO;
				GCC_NO_COMMON_BLOCKS = YES;
				GCC_OPTIMIZATION_LEVEL = 0;
				GCC_PREPROCESSOR_DEFINITIONS = (
					"DEBUG=1",
					"$(inherited)",
				);
				GCC_WARN_64_TO_32_BIT_CONVERSION = YES;
				GCC_WARN_ABOUT_RETURN_TYPE = YES_ERROR;
				GCC_WARN_UNDECLARED_SELECTOR = YES;
				GCC_WARN_UNINITIALIZED_AUTOS = YES_AGGRESSIVE;
				GCC_WARN_UNUSED_FUNCTION = YES;
				GCC_WARN_UNUSED_VARIABLE = YES;
				IPHONEOS_DEPLOYMENT_TARGET = 12.1;
				MTL_ENABLE_DEBUG_INFO = INCLUDE_SOURCE;
				MTL_FAST_MATH = YES;
				ONLY_ACTIVE_ARCH = YES;
				SDKROOT = iphoneos;
				SWIFT_ACTIVE_COMPILATION_CONDITIONS = DEBUG;
				SWIFT_OPTIMIZATION_LEVEL = "-Onone";
			};
			name = Debug;
		};
		A5228F48222E6B8F00CFA298 /* Release */ = {
			isa = XCBuildConfiguration;
			buildSettings = {
				ALWAYS_SEARCH_USER_PATHS = NO;
				CLANG_ANALYZER_NONNULL = YES;
				CLANG_ANALYZER_NUMBER_OBJECT_CONVERSION = YES_AGGRESSIVE;
				CLANG_CXX_LANGUAGE_STANDARD = "gnu++14";
				CLANG_CXX_LIBRARY = "libc++";
				CLANG_ENABLE_MODULES = YES;
				CLANG_ENABLE_OBJC_ARC = YES;
				CLANG_ENABLE_OBJC_WEAK = YES;
				CLANG_WARN_BLOCK_CAPTURE_AUTORELEASING = YES;
				CLANG_WARN_BOOL_CONVERSION = YES;
				CLANG_WARN_COMMA = YES;
				CLANG_WARN_CONSTANT_CONVERSION = YES;
				CLANG_WARN_DEPRECATED_OBJC_IMPLEMENTATIONS = YES;
				CLANG_WARN_DIRECT_OBJC_ISA_USAGE = YES_ERROR;
				CLANG_WARN_DOCUMENTATION_COMMENTS = YES;
				CLANG_WARN_EMPTY_BODY = YES;
				CLANG_WARN_ENUM_CONVERSION = YES;
				CLANG_WARN_INFINITE_RECURSION = YES;
				CLANG_WARN_INT_CONVERSION = YES;
				CLANG_WARN_NON_LITERAL_NULL_CONVERSION = YES;
				CLANG_WARN_OBJC_IMPLICIT_RETAIN_SELF = YES;
				CLANG_WARN_OBJC_LITERAL_CONVERSION = YES;
				CLANG_WARN_OBJC_ROOT_CLASS = YES_ERROR;
				CLANG_WARN_RANGE_LOOP_ANALYSIS = YES;
				CLANG_WARN_STRICT_PROTOTYPES = YES;
				CLANG_WARN_SUSPICIOUS_MOVE = YES;
				CLANG_WARN_UNGUARDED_AVAILABILITY = YES_AGGRESSIVE;
				CLANG_WARN_UNREACHABLE_CODE = YES;
				CLANG_WARN__DUPLICATE_METHOD_MATCH = YES;
				CODE_SIGN_IDENTITY = "iPhone Developer";
				COPY_PHASE_STRIP = NO;
				DEBUG_INFORMATION_FORMAT = "dwarf-with-dsym";
				ENABLE_NS_ASSERTIONS = NO;
				ENABLE_STRICT_OBJC_MSGSEND = YES;
				GCC_C_LANGUAGE_STANDARD = gnu11;
				GCC_NO_COMMON_BLOCKS = YES;
				GCC_WARN_64_TO_32_BIT_CONVERSION = YES;
				GCC_WARN_ABOUT_RETURN_TYPE = YES_ERROR;
				GCC_WARN_UNDECLARED_SELECTOR = YES;
				GCC_WARN_UNINITIALIZED_AUTOS = YES_AGGRESSIVE;
				GCC_WARN_UNUSED_FUNCTION = YES;
				GCC_WARN_UNUSED_VARIABLE = YES;
				IPHONEOS_DEPLOYMENT_TARGET = 12.1;
				MTL_ENABLE_DEBUG_INFO = NO;
				MTL_FAST_MATH = YES;
				SDKROOT = iphoneos;
				SWIFT_COMPILATION_MODE = wholemodule;
				SWIFT_OPTIMIZATION_LEVEL = "-O";
				VALIDATE_PRODUCT = YES;
			};
			name = Release;
		};
		A5228F4A222E6B8F00CFA298 /* Debug */ = {
			isa = XCBuildConfiguration;
			baseConfigurationReference = B07197C1EDC05CF103E6ED96 /* Pods-Demo.debug.xcconfig */;
			buildSettings = {
				ASSETCATALOG_COMPILER_APPICON_NAME = AppIcon;
				CODE_SIGN_STYLE = Automatic;
				DEVELOPMENT_TEAM = 6WG557Z77G;
				INFOPLIST_FILE = Demo/Info.plist;
				LD_RUNPATH_SEARCH_PATHS = (
					"$(inherited)",
					"@executable_path/Frameworks",
				);
				PRODUCT_BUNDLE_IDENTIFIER = PhanVanda.Demo;
				PRODUCT_NAME = "$(TARGET_NAME)";
				SWIFT_VERSION = 4.2;
				TARGETED_DEVICE_FAMILY = "1,2";
			};
			name = Debug;
		};
		A5228F4B222E6B8F00CFA298 /* Release */ = {
			isa = XCBuildConfiguration;
			baseConfigurationReference = EA7C36F993A8C5E1760BDCD5 /* Pods-Demo.release.xcconfig */;
			buildSettings = {
				ASSETCATALOG_COMPILER_APPICON_NAME = AppIcon;
				CODE_SIGN_STYLE = Automatic;
				DEVELOPMENT_TEAM = 6WG557Z77G;
				INFOPLIST_FILE = Demo/Info.plist;
				LD_RUNPATH_SEARCH_PATHS = (
					"$(inherited)",
					"@executable_path/Frameworks",
				);
				PRODUCT_BUNDLE_IDENTIFIER = PhanVanda.Demo;
				PRODUCT_NAME = "$(TARGET_NAME)";
				SWIFT_VERSION = 4.2;
				TARGETED_DEVICE_FAMILY = "1,2";
			};
			name = Release;
		};
		A5228F4D222E6B8F00CFA298 /* Debug */ = {
			isa = XCBuildConfiguration;
			baseConfigurationReference = AD349A1D71DA2D908757BD9B /* Pods-DemoTests.debug.xcconfig */;
			buildSettings = {
				ALWAYS_EMBED_SWIFT_STANDARD_LIBRARIES = YES;
				BUNDLE_LOADER = "$(TEST_HOST)";
				CODE_SIGN_STYLE = Automatic;
				DEVELOPMENT_TEAM = 6WG557Z77G;
				INFOPLIST_FILE = DemoTests/Info.plist;
				LD_RUNPATH_SEARCH_PATHS = (
					"$(inherited)",
					"@executable_path/Frameworks",
					"@loader_path/Frameworks",
				);
				PRODUCT_BUNDLE_IDENTIFIER = PhanVanda.DemoTests;
				PRODUCT_NAME = "$(TARGET_NAME)";
				SWIFT_VERSION = 4.2;
				TARGETED_DEVICE_FAMILY = "1,2";
				TEST_HOST = "$(BUILT_PRODUCTS_DIR)/Demo.app/Demo";
			};
			name = Debug;
		};
		A5228F4E222E6B8F00CFA298 /* Release */ = {
			isa = XCBuildConfiguration;
			baseConfigurationReference = 2C59F811811CCCC875C45AF1 /* Pods-DemoTests.release.xcconfig */;
			buildSettings = {
				ALWAYS_EMBED_SWIFT_STANDARD_LIBRARIES = YES;
				BUNDLE_LOADER = "$(TEST_HOST)";
				CODE_SIGN_STYLE = Automatic;
				DEVELOPMENT_TEAM = 6WG557Z77G;
				INFOPLIST_FILE = DemoTests/Info.plist;
				LD_RUNPATH_SEARCH_PATHS = (
					"$(inherited)",
					"@executable_path/Frameworks",
					"@loader_path/Frameworks",
				);
				PRODUCT_BUNDLE_IDENTIFIER = PhanVanda.DemoTests;
				PRODUCT_NAME = "$(TARGET_NAME)";
				SWIFT_VERSION = 4.2;
				TARGETED_DEVICE_FAMILY = "1,2";
				TEST_HOST = "$(BUILT_PRODUCTS_DIR)/Demo.app/Demo";
			};
			name = Release;
		};
		A5228F50222E6B8F00CFA298 /* Debug */ = {
			isa = XCBuildConfiguration;
			baseConfigurationReference = 0F1C6208CC58C99D696DF48C /* Pods-DemoUITests.debug.xcconfig */;
			buildSettings = {
				ALWAYS_EMBED_SWIFT_STANDARD_LIBRARIES = YES;
				CODE_SIGN_STYLE = Automatic;
				DEVELOPMENT_TEAM = 6WG557Z77G;
				INFOPLIST_FILE = DemoUITests/Info.plist;
				LD_RUNPATH_SEARCH_PATHS = (
					"$(inherited)",
					"@executable_path/Frameworks",
					"@loader_path/Frameworks",
				);
				PRODUCT_BUNDLE_IDENTIFIER = PhanVanda.DemoUITests;
				PRODUCT_NAME = "$(TARGET_NAME)";
				SWIFT_VERSION = 4.2;
				TARGETED_DEVICE_FAMILY = "1,2";
				TEST_TARGET_NAME = Demo;
			};
			name = Debug;
		};
		A5228F51222E6B8F00CFA298 /* Release */ = {
			isa = XCBuildConfiguration;
			baseConfigurationReference = 3AB9D23338FE6F2CE27B90B5 /* Pods-DemoUITests.release.xcconfig */;
			buildSettings = {
				ALWAYS_EMBED_SWIFT_STANDARD_LIBRARIES = YES;
				CODE_SIGN_STYLE = Automatic;
				DEVELOPMENT_TEAM = 6WG557Z77G;
				INFOPLIST_FILE = DemoUITests/Info.plist;
				LD_RUNPATH_SEARCH_PATHS = (
					"$(inherited)",
					"@executable_path/Frameworks",
					"@loader_path/Frameworks",
				);
				PRODUCT_BUNDLE_IDENTIFIER = PhanVanda.DemoUITests;
				PRODUCT_NAME = "$(TARGET_NAME)";
				SWIFT_VERSION = 4.2;
				TARGETED_DEVICE_FAMILY = "1,2";
				TEST_TARGET_NAME = Demo;
			};
			name = Release;
		};
/* End XCBuildConfiguration section */

/* Begin XCConfigurationList section */
		A5228F1C222E6B8B00CFA298 /* Build configuration list for PBXProject "Demo" */ = {
			isa = XCConfigurationList;
			buildConfigurations = (
				A5228F47222E6B8F00CFA298 /* Debug */,
				A5228F48222E6B8F00CFA298 /* Release */,
			);
			defaultConfigurationIsVisible = 0;
			defaultConfigurationName = Release;
		};
		A5228F49222E6B8F00CFA298 /* Build configuration list for PBXNativeTarget "Demo" */ = {
			isa = XCConfigurationList;
			buildConfigurations = (
				A5228F4A222E6B8F00CFA298 /* Debug */,
				A5228F4B222E6B8F00CFA298 /* Release */,
			);
			defaultConfigurationIsVisible = 0;
			defaultConfigurationName = Release;
		};
		A5228F4C222E6B8F00CFA298 /* Build configuration list for PBXNativeTarget "DemoTests" */ = {
			isa = XCConfigurationList;
			buildConfigurations = (
				A5228F4D222E6B8F00CFA298 /* Debug */,
				A5228F4E222E6B8F00CFA298 /* Release */,
			);
			defaultConfigurationIsVisible = 0;
			defaultConfigurationName = Release;
		};
		A5228F4F222E6B8F00CFA298 /* Build configuration list for PBXNativeTarget "DemoUITests" */ = {
			isa = XCConfigurationList;
			buildConfigurations = (
				A5228F50222E6B8F00CFA298 /* Debug */,
				A5228F51222E6B8F00CFA298 /* Release */,
			);
			defaultConfigurationIsVisible = 0;
			defaultConfigurationName = Release;
		};
/* End XCConfigurationList section */
	};
	rootObject = A5228F19222E6B8B00CFA298 /* Project object */;
}
